
Microsoft Visual Studio Solution File, Format Version 12.00
# Visual Studio Version 16
VisualStudioVersion = 16.0.32510.428
MinimumVisualStudioVersion = 10.0.40219.1
Project("{8BC9CEB8-8B4A-11D0-8D11-00A0C91BC942}") = "Final", "Final\Final.vcxproj", "{DD094D9E-8C09-4BAB-A7CE-446351B4C658}"
EndProject
Global
	GlobalSection(SolutionConfigurationPlatforms) = preSolution
		Debug|x64 = Debug|x64
		Debug|x86 = Debug|x86
		Release|x64 = Release|x64
		Release|x86 = Release|x86
	EndGlobalSection
	GlobalSection(ProjectConfigurationPlatforms) = postSolution
		{DD094D9E-8C09-4BAB-A7CE-446351B4C658}.Debug|x64.ActiveCfg = Debug|x64
		{DD094D9E-8C09-4BAB-A7CE-446351B4C658}.Debug|x64.Build.0 = Debug|x64
		{DD094D9E-8C09-4BAB-A7CE-446351B4C658}.Debug|x86.ActiveCfg = Debug|Win32
		{DD094D9E-8C09-4BAB-A7CE-446351B4C658}.Debug|x86.Build.0 = Debug|Win32
		{DD094D9E-8C09-4BAB-A7CE-446351B4C658}.Release|x64.ActiveCfg = Release|x64
		{DD094D9E-8C09-4BAB-A7CE-446351B4C658}.Release|x64.Build.0 = Release|x64
		{DD094D9E-8C09-4BAB-A7CE-446351B4C658}.Release|x86.ActiveCfg = Release|Win32
		{DD094D9E-8C09-4BAB-A7CE-446351B4C658}.Release|x86.Build.0 = Release|Win32
	EndGlobalSection
	GlobalSection(SolutionProperties) = preSolution
		HideSolutionNode = FALSE
	EndGlobalSection
	GlobalSection(ExtensibilityGlobals) = postSolution
		SolutionGuid = {B80DDF87-FDB6-481B-B53E-D5A764EF8F03}
	EndGlobalSection
EndGlobal
